github.com/chromedp/cdproto v0.0.0-20210526005521-9e51b9051fd0/go.mod h1:At5TxYYdxkbQL0TSefRjhLE3Q0lgvqKKMSFUglJ7i1U=
github.com/chromedp/cdproto v0.0.0-20210706234513-2bc298e8be7f h1:lg5k1KAxmknil6Z19LaaeiEs5Pje7hPzRfyWSSnWLP0=
github.com/chromedp/cdproto v0.0.0-20210706234513-2bc298e8be7f/go.mod h1:At5TxYYdxkbQL0TSefRjhLE3Q0lgvqKKMSFUglJ7i1U=
github.com/chromedp/chromedp v0.7.3 h1:FvgJICfjvXtDX+miuMUY0NHuY8zQvjS/TcEQEG6Ldzs=
github.com/chromedp/chromedp v0.7.3/go.mod h1:9gC521Yzgrk078Ulv6KIgG7hJ2x9aWrxMBBobTFk30A=
github.com/chromedp/sysutil v1.0.0 h1:+ZxhTpfpZlmchB58ih/LBHX52ky7w2VhQVKQMucy3Ic=
github.com/chromedp/sysutil v1.0.0/go.mod h1:kgWmDdq8fTzXYcKIBqIYvRRTnYb9aNS9moAV0xufSww=
github.com/dsnet/compress v0.0.1 h1:PlZu0n3Tuv04TzpfPbrnI0HW/YwodEXDS+oPKahKF0Q=
github.com/dsnet/compress v0.0.1/go.mod h1:Aw8dCMJ7RioblQeTqt88akK31OvO8Dhf5JflhBbQEHo=
github.com/dsnet/golib v0.0.0-20171103203638-1ea166775780/go.mod h1:Lj+Z9rebOhdfkVLjJ8T6VcRQv3SXugXy999NBtR9aFY=
github.com/gobwas/httphead v0.1.0 h1:exrUm0f4YX0L7EBwZHuCF4GDp8aJfVeBrlLQrs6NqWU=
github.com/gobwas/httphead v0.1.0/go.mod h1:O/RXo79gxV8G+RqlR/otEwx4Q36zl9rqC5u12GKvMCM=
github.com/gobwas/pool v0.2.1 h1:xfeeEhW7pwmX8nuLVlqbzVc7udMDrwetjEv+TZIz1og=
github.com/gobwas/pool v0.2.1/go.mod h1:q8bcK0KcYlCgd9e7WYLm9LpyS+YeLd8JVDW6WezmKEw=
github.com/gobwas/ws v1.1.0-rc.5 h1:QOAag7FoBaBYYHRqzqkhhd8fq5RTubvI4v3Ft/gDVVQ=
github.com/gobwas/ws v1.1.0-rc.5/go.mod h1:nzvNcVha5eUziGrbxFCo6qFIojQHjJV5cLYIbezhfL0=
github.com/gwatts/rootcerts v0.0.0-20201102023153-a5b24c72525c h1:ymeNSiqQXiniKkB4Lwuf/+hDCG1JDYdsP6+p5/ocFxs=
github.com/gwatts/rootcerts v0.0.0-20201102023153-a5b24c72525c/go.mod h1:PmcTZUaFWqfUtPPvjSVAMMzJzqfMYv6ehpPUX4nIo3Q=
github.com/gwatts/rootcerts v0.0.0-20210602134037-977e162fa4a7 h1:nPmiKn4B44x+PPnUGFO1gHL6vHqkwShVsfGkdzMTgZY=
github.com/gwatts/rootcerts v0.0.0-20210602134037-977e162fa4a7/go.mod h1:5Kt9XkWvkGi2OHOq0QsGxebHmhCcqJ8KCbNg/a6+n+g=
github.com/hunterbdm/hello-requests v0.0.0-20210707001622-66df11621e6a h1:zxFb9dVNxH/tpVhuASg0nZf5LBSKTl6lMTZuMGJro8g=
github.com/hunterbdm/hello-requests v0.0.0-20210707001622-66df11621e6a/go.mod h1:jT9mk6gbrwhViKoJ2etWZ962vhnsZurfpiVIyWFtYDY=
github.com/josharian/intern v1.0.0 h1:vlS4z54oSdjm0bgjRigI+G1HpF+tI+9rE5LLzOg8HmY=
github.com/josharian/intern v1.0.0/go.mod h1:5DoeVV0s6jJacbCEi61lwdGj/aVlrQvzHFFd8Hwg//Y=
github.com/klauspost/compress v1.4.1/go.mod h1:RyIbtBH6LamlWaDj8nUwkbUhJ87Yi3uG0guNDohfE1A=
github.com/klauspost/cpuid v1.2.0/go.mod h1:Pj4uuM528wm8OyEC2QMXAi2YiTZ96dNQPGgoMS4s3ek=
github.com/kr/pretty v0.2.1/go.mod h1:ipq/a2n7PKx3OHsz4KJII5eveXtPO4qwEXGdVfWzfnI=
github.com/kr/pty v1.1.1/go.mod h1:pFQYn66WHrOpPYNljwOMqo10TkYh1fy3cYio2l3bCsQ=
github.com/kr/text v0.1.0/go.mod h1:4Jbv+DJW3UT/LiOwJeYQe1efqtUx/iVham/4vfdArNI=
github.com/mailru/easyjson v0.7.7 h1:UGYAvKxe3sBsEDzO8ZeWOSlIQfWFlxbzLZe7hwFURr0=
github.com/mailru/easyjson v0.7.7/go.mod h1:xzfreul335JAWq5oZzymOObrkdz5UnU4kGfJJLY9Nlc=
github.com/ulikunitz/xz v0.5.6/go.mod h1:2bypXElzHzzJZwzH67Y6wb67pO62Rzfn7BSiF4ABRW8=
gitlab.com/yawning/bsaes.git v0.0.0-20190805113838-0a714cd429ec h1:FpfFs4EhNehiVfzQttTuxanPIT43FtkkCFypIod8LHo=
gitlab.com/yawning/bsaes.git v0.0.0-20190805113838-0a714cd429ec/go.mod h1:BZ1RAoRPbCxum9Grlv5aeksu2H8BiKehBYooU2LFiOQ=
golang.org/x/crypto v0.0.0-20190308221718-c2843e01d9a2/go.mod h1:djNgcEr1/C05ACkg1iLfiJU5Ep61QUkGW8qpdssI0+w=
golang.org/x/crypto v0.0.0-20201221181555-eec23a3978ad h1:DN0cp81fZ3njFcrLCytUHRSUkqBjfTo4Tx9RJTWs0EY=
golang.org/x/crypto v0.0.0-20201221181555-eec23a3978ad/go.mod h1:jdWPYTVW3xRLrWPugEBEK3UY2ZEsg3UU495nc5E+M+I=
golang.org/x/crypto v0.0.0-20210616213533-5ff15b29337e h1:gsTQYXdTw2Gq7RBsWvlQ91b+aEQ6bXFUngBGuR8sPpI=
golang.org/x/crypto v0.0.0-20210616213533-5ff15b29337e/go.mod h1:GvvjBRRGRdwPK5ydBHafDWAxML/pGHZbMvKqRZ5+Abc=
golang.org/x/net v0.0.0-20190404232315-eb5bcb51f2a3/go.mod h1:t9HGtf8HONx5eT2rtn7q6eTqICYqUVnKs3thJo3Qplg=
golang.org/x/net v0.0.0-20201224014010-6772e930b67b h1:iFwSg7t5GZmB/Q5TjiEAsdoLDrdJRC1RiF2WhuV29Qw=
golang.org/x/net v0.0.0-20201224014010-6772e930b67b/go.mod h1:m0MpNAwzfU5UDzcl9v0D8zg8gWTRqZa9RBIspLL5mdg=
golang.org/x/net v0.0.0-20210226172049-e18ecbb05110/go.mod h1:m0MpNAwzfU5UDzcl9v0D8zg8gWTRqZa9RBIspLL5mdg=
golang.org/x/net v0.0.0-20210614182718-04defd469f4e h1:XpT3nA5TvE525Ne3hInMh6+GETgn27Zfm9dxsThnX2Q=
golang.org/x/net v0.0.0-20210614182718-04defd469f4e/go.mod h1:9nx3DQGgdP8bBQD5qxJ1jj9UTztislL4KSBs9R2vV5Y=
golang.org/x/sys v0.0.0-20190215142949-d0b11bdaac8a/go.mod h1:STP8DvDyc/dI5b8T5hshtkjS+E42TnysNCUPdjciGhY=
golang.org/x/sys v0.0.0-20190804053845-51ab0e2deafa/go.mod h1:h1NjWce9XRLGQEsW7wpKNCjG9DtNlClVuFLEZdDNbEs=
golang.org/x/sys v0.0.0-20191026070338-33540a1f6037/go.mod h1:h1NjWce9XRLGQEsW7wpKNCjG9DtNlClVuFLEZdDNbEs=
golang.org/x/sys v0.0.0-20201119102817-f84b799fce68 h1:nxC68pudNYkKU6jWhgrqdreuFiOQWj1Fs7T3VrH4Pjw=
golang.org/x/sys v0.0.0-20201119102817-f84b799fce68/go.mod h1:h1NjWce9XRLGQEsW7wpKNCjG9DtNlClVuFLEZdDNbEs=
golang.org/x/sys v0.0.0-20201207223542-d4d67f95c62d/go.mod h1:h1NjWce9XRLGQEsW7wpKNCjG9DtNlClVuFLEZdDNbEs=
golang.org/x/sys v0.0.0-20210423082822-04245dca01da/go.mod h1:h1NjWce9XRLGQEsW7wpKNCjG9DtNlClVuFLEZdDNbEs=
golang.org/x/sys v0.0.0-20210525143221-35b2ab0089ea/go.mod h1:oPkhp1MJrh7nUepCBck5+mAzfO9JrbApNNgaTdGDITg=
golang.org/x/sys v0.0.0-20210615035016-665e8c7367d1/go.mod h1:oPkhp1MJrh7nUepCBck5+mAzfO9JrbApNNgaTdGDITg=
golang.org/x/sys v0.0.0-20210630005230-0f9fa26af87c h1:F1jZWGFhYfh0Ci55sIpILtKKK8p3i2/krTr0H1rg74I=
golang.org/x/sys v0.0.0-20210630005230-0f9fa26af87c/go.mod h1:oPkhp1MJrh7nUepCBck5+mAzfO9JrbApNNgaTdGDITg=
golang.org/x/term v0.0.0-20201117132131-f5c789dd3221/go.mod h1:Nr5EML6q2oocZ2LXRh80K7BxOlk5/8JxuGnuhpl+muw=
golang.org/x/term v0.0.0-20201126162022-7de9c90e9dd1/go.mod h1:bj7SfCRtBDWHUb9snDiAeCFNEtKQo2Wmx5Cou7ajbmo=
golang.org/x/text v0.3.0/go.mod h1:NqM8EUOU14njkJ3fqMW+pc6Ldnwhi/IjpwHt7yyuwOQ=
golang.org/x/text v0.3.3 h1:cokOdA+Jmi5PJGXLlLllQSgYigAEfHXJAERHVMaCc2k=
golang.org/x/text v0.3.3/go.mod h1:5Zoc/QRtKVWzQhOtBMvqHzDpF6irO9z98xDceosuGiQ=
golang.org/x/text v0.3.6 h1:aRYxNxv6iGQlyVaZmk6ZgYEDa+Jg18DxebPSrd6bg1M=
golang.org/x/text v0.3.6/go.mod h1:5Zoc/QRtKVWzQhOtBMvqHzDpF6irO9z98xDceosuGiQ=
golang.org/x/tools v0.0.0-20180917221912-90fa682c2a6e/go.mod h1:n7NCudcB/nEzxVGmLbDWY5pfWTLqBcC2KZ6jyYvM4mQ=
